// !$*UTF8*$!
{
	archiveVersion = 1;
	classes = {
	};
	objectVersion = 46;
	objects = {

/* Begin PBXBuildFile section */
		EE96194F19CF61E100E5DF83 /* main.m in Sources */ = {isa = PBXBuildFile; fileRef = EE96194E19CF61E100E5DF83 /* main.m */; };
		EE96195219CF61E100E5DF83 /* AppDelegate.m in Sources */ = {isa = PBXBuildFile; fileRef = EE96195119CF61E100E5DF83 /* AppDelegate.m */; };
		EE96195519CF61E100E5DF83 /* ViewController.m in Sources */ = {isa = PBXBuildFile; fileRef = EE96195419CF61E100E5DF83 /* ViewController.m */; };
		EE96195819CF61E100E5DF83 /* Main.storyboard in Resources */ = {isa = PBXBuildFile; fileRef = EE96195619CF61E100E5DF83 /* Main.storyboard */; };
		EE96195A19CF61E100E5DF83 /* Images.xcassets in Resources */ = {isa = PBXBuildFile; fileRef = EE96195919CF61E100E5DF83 /* Images.xcassets */; };
		EE96195D19CF61E100E5DF83 /* LaunchScreen.xib in Resources */ = {isa = PBXBuildFile; fileRef = EE96195B19CF61E100E5DF83 /* LaunchScreen.xib */; };
		EE96196919CF61E100E5DF83 /* collectionViewProtoTests.m in Sources */ = {isa = PBXBuildFile; fileRef = EE96196819CF61E100E5DF83 /* collectionViewProtoTests.m */; };
/* End PBXBuildFile section */

/* Begin PBXContainerItemProxy section */
		EE96196319CF61E100E5DF83 /* PBXContainerItemProxy */ = {
			isa = PBXContainerItemProxy;
			containerPortal = EE96194119CF61E100E5DF83 /* Project object */;
			proxyType = 1;
			remoteGlobalIDString = EE96194819CF61E100E5DF83;
			remoteInfo = collectionViewProto;
		};
/* End PBXContainerItemProxy section */

/* Begin PBXFileReference section */
		EE96194919CF61E100E5DF83 /* collectionViewProto.app */ = {isa = PBXFileReference; explicitFileType = wrapper.application; includeInIndex = 0; path = collectionViewProto.app; sourceTree = BUILT_PRODUCTS_DIR; };
		EE96194D19CF61E100E5DF83 /* Info.plist */ = {isa = PBXFileReference; lastKnownFileType = text.plist.xml; path = Info.plist; sourceTree = "<group>"; };
		EE96194E19CF61E100E5DF83 /* main.m */ = {isa = PBXFileReference; lastKnownFileType = sourcecode.c.objc; path = main.m; sourceTree = "<group>"; };
		EE96195019CF61E100E5DF83 /* AppDelegate.h */ = {isa = PBXFileReference; lastKnownFileType = sourcecode.c.h; path = AppDelegate.h; sourceTree = "<group>"; };
		EE96195119CF61E100E5DF83 /* AppDelegate.m */ = {isa = PBXFileReference; lastKnownFileType = sourcecode.c.objc; path = AppDelegate.m; sourceTree = "<group>"; };
		EE96195319CF61E100E5DF83 /* ViewController.h */ = {isa = PBXFileReference; lastKnownFileType = sourcecode.c.h; path = ViewController.h; sourceTree = "<group>"; };
		EE96195419CF61E100E5DF83 /* ViewController.m */ = {isa = PBXFileReference; lastKnownFileType = sourcecode.c.objc; path = ViewController.m; sourceTree = "<group>"; };
		EE96195719CF61E100E5DF83 /* Base */ = {isa = PBXFileReference; lastKnownFileType = file.storyboard; name = Base; path = Base.lproj/Main.storyboard; sourceTree = "<group>"; };
		EE96195919CF61E100E5DF83 /* Images.xcassets */ = {isa = PBXFileReference; lastKnownFileType = folder.assetcatalog; path = Images.xcassets; sourceTree = "<group>"; };
		EE96195C19CF61E100E5DF83 /* Base */ = {isa = PBXFileReference; lastKnownFileType = file.xib; name = Base; path = Base.lproj/LaunchScreen.xib; sourceTree = "<group>"; };
		EE96196219CF61E100E5DF83 /* collectionViewProtoTests.xctest */ = {isa = PBXFileReference; explicitFileType = wrapper.cfbundle; includeInIndex = 0; path = collectionViewProtoTests.xctest; sourceTree = BUILT_PRODUCTS_DIR; };
		EE96196719CF61E100E5DF83 /* Info.plist */ = {isa = PBXFileReference; lastKnownFileType = text.plist.xml; path = Info.plist; sourceTree = "<group>"; };
		EE96196819CF61E100E5DF83 /* collectionViewProtoTests.m */ = {isa = PBXFileReference; lastKnownFileType = sourcecode.c.objc; path = collectionViewProtoTests.m; sourceTree = "<group>"; };
/* End PBXFileReference section */

/* Begin PBXFrameworksBuildPhase section */
		EE96194619CF61E100E5DF83 /* Frameworks */ = {
			isa = PBXFrameworksBuildPhase;
			buildActionMask = 2147483647;
			files = (
			);
			runOnlyForDeploymentPostprocessing = 0;
		};
		EE96195F19CF61E100E5DF83 /* Frameworks */ = {
			isa = PBXFrameworksBuildPhase;
			buildActionMask = 2147483647;
			files = (
			);
			runOnlyForDeploymentPostprocessing = 0;
		};
/* End PBXFrameworksBuildPhase section */

/* Begin PBXGroup section */
		EE96194019CF61E100E5DF83 = {
			isa = PBXGroup;
			children = (
				EE96194B19CF61E100E5DF83 /* collectionViewProto */,
				EE96196519CF61E100E5DF83 /* collectionViewProtoTests */,
				EE96194A19CF61E100E5DF83 /* Products */,
			);
			sourceTree = "<group>";
		};
		EE96194A19CF61E100E5DF83 /* Products */ = {
			isa = PBXGroup;
			children = (
				EE96194919CF61E100E5DF83 /* collectionViewProto.app */,
				EE96196219CF61E100E5DF83 /* collectionViewProtoTests.xctest */,
			);
			name = Products;
			sourceTree = "<group>";
		};
		EE96194B19CF61E100E5DF83 /* collectionViewProto */ = {
			isa = PBXGroup;
			children = (
				EE96195019CF61E100E5DF83 /* AppDelegate.h */,
				EE96195119CF61E100E5DF83 /* AppDelegate.m */,
				EE96195319CF61E100E5DF83 /* ViewController.h */,
				EE96195419CF61E100E5DF83 /* ViewController.m */,
				EE96195619CF61E100E5DF83 /* Main.storyboard */,
				EE96195919CF61E100E5DF83 /* Images.xcassets */,
				EE96195B19CF61E100E5DF83 /* LaunchScreen.xib */,
				EE96194C19CF61E100E5DF83 /* Supporting Files */,
			);
			path = collectionViewProto;
			sourceTree = "<group>";
		};
		EE96194C19CF61E100E5DF83 /* Supporting Files */ = {
			isa = PBXGroup;
			children = (
				EE96194D19CF61E100E5DF83 /* Info.plist */,
				EE96194E19CF61E100E5DF83 /* main.m */,
			);
			name = "Supporting Files";
			sourceTree = "<group>";
		};
		EE96196519CF61E100E5DF83 /* collectionViewProtoTests */ = {
			isa = PBXGroup;
			children = (
				EE96196819CF61E100E5DF83 /* collectionViewProtoTests.m */,
				EE96196619CF61E100E5DF83 /* Supporting Files */,
			);
			path = collectionViewProtoTests;
			sourceTree = "<group>";
		};
		EE96196619CF61E100E5DF83 /* Supporting Files */ = {
			isa = PBXGroup;
			children = (
				EE96196719CF61E100E5DF83 /* Info.plist */,
			);
			name = "Supporting Files";
			sourceTree = "<group>";
		};
/* End PBXGroup section */

/* Begin PBXNativeTarget section */
		EE96194819CF61E100E5DF83 /* collectionViewProto */ = {
			isa = PBXNativeTarget;
			buildConfigurationList = EE96196C19CF61E100E5DF83 /* Build configuration list for PBXNativeTarget "collectionViewProto" */;
			buildPhases = (
				EE96194519CF61E100E5DF83 /* Sources */,
				EE96194619CF61E100E5DF83 /* Frameworks */,
				EE96194719CF61E100E5DF83 /* Resources */,
			);
			buildRules = (
			);
			dependencies = (
			);
			name = collectionViewProto;
			productName = collectionViewProto;
			productReference = EE96194919CF61E100E5DF83 /* collectionViewProto.app */;
			productType = "com.apple.product-type.application";
		};
		EE96196119CF61E100E5DF83 /* collectionViewProtoTests */ = {
			isa = PBXNativeTarget;
			buildConfigurationList = EE96196F19CF61E100E5DF83 /* Build configuration list for PBXNativeTarget "collectionViewProtoTests" */;
			buildPhases = (
				EE96195E19CF61E100E5DF83 /* Sources */,
				EE96195F19CF61E100E5DF83 /* Frameworks */,
				EE96196019CF61E100E5DF83 /* Resources */,
			);
			buildRules = (
			);
			dependencies = (
				EE96196419CF61E100E5DF83 /* PBXTargetDependency */,
			);
			name = collectionViewProtoTests;
			productName = collectionViewProtoTests;
			productReference = EE96196219CF61E100E5DF83 /* collectionViewProtoTests.xctest */;
			productType = "com.apple.product-type.bundle.unit-test";
		};
/* End PBXNativeTarget section */

/* Begin PBXProject section */
		EE96194119CF61E100E5DF83 /* Project object */ = {
			isa = PBXProject;
			attributes = {
				LastUpgradeCheck = 0600;
				ORGANIZATIONNAME = "raymond chen";
				TargetAttributes = {
					EE96194819CF61E100E5DF83 = {
						CreatedOnToolsVersion = 6.0;
					};
					EE96196119CF61E100E5DF83 = {
						CreatedOnToolsVersion = 6.0;
						TestTargetID = EE96194819CF61E100E5DF83;
					};
				};
			};
			buildConfigurationList = EE96194419CF61E100E5DF83 /* Build configuration list for PBXProject "collectionViewProto" */;
			compatibilityVersion = "Xcode 3.2";
			developmentRegion = English;
			hasScannedForEncodings = 0;
			knownRegions = (
				en,
				Base,
			);
			mainGroup = EE96194019CF61E100E5DF83;
			productRefGroup = EE96194A19CF61E100E5DF83 /* Products */;
			projectDirPath = "";
			projectRoot = "";
			targets = (
				EE96194819CF61E100E5DF83 /* collectionViewProto */,
				EE96196119CF61E100E5DF83 /* collectionViewProtoTests */,
			);
		};
/* End PBXProject section */

/* Begin PBXResourcesBuildPhase section */
		EE96194719CF61E100E5DF83 /* Resources */ = {
			isa = PBXResourcesBuildPhase;
			buildActionMask = 2147483647;
			files = (
				EE96195819CF61E100E5DF83 /* Main.storyboard in Resources */,
				EE96195D19CF61E100E5DF83 /* LaunchScreen.xib in Resources */,
				EE96195A19CF61E100E5DF83 /* Images.xcassets in Resources */,
			);
			runOnlyForDeploymentPostprocessing = 0;
		};
		EE96196019CF61E100E5DF83 /* Resources */ = {
			isa = PBXResourcesBuildPhase;
			buildActionMask = 2147483647;
			files = (
			);
			runOnlyForDeploymentPostprocessing = 0;
		};
/* End PBXResourcesBuildPhase section */

/* Begin PBXSourcesBuildPhase section */
		EE96194519CF61E100E5DF83 /* Sources */ = {
			isa = PBXSourcesBuildPhase;
			buildActionMask = 2147483647;
			files = (
				EE96195519CF61E100E5DF83 /* ViewController.m in Sources */,
				EE96195219CF61E100E5DF83 /* AppDelegate.m in Sources */,
				EE96194F19CF61E100E5DF83 /* main.m in Sources */,
			);
			runOnlyForDeploymentPostprocessing = 0;
		};
		EE96195E19CF61E100E5DF83 /* Sources */ = {
			isa = PBXSourcesBuildPhase;
			buildActionMask = 2147483647;
			files = (
				EE96196919CF61E100E5DF83 /* collectionViewProtoTests.m in Sources */,
			);
			runOnlyForDeploymentPostprocessing = 0;
		};
/* End PBXSourcesBuildPhase section */

/* Begin PBXTargetDependency section */
		EE96196419CF61E100E5DF83 /* PBXTargetDependency */ = {
			isa = PBXTargetDependency;
			target = EE96194819CF61E100E5DF83 /* collectionViewProto */;
			targetProxy = EE96196319CF61E100E5DF83 /* PBXContainerItemProxy */;
		};
/* End PBXTargetDependency section */

/* Begin PBXVariantGroup section */
		EE96195619CF61E100E5DF83 /* Main.storyboard */ = {
			isa = PBXVariantGroup;
			children = (
				EE96195719CF61E100E5DF83 /* Base */,
			);
			name = Main.storyboard;
			sourceTree = "<group>";
		};
		EE96195B19CF61E100E5DF83 /* LaunchScreen.xib */ = {
			isa = PBXVariantGroup;
			children = (
				EE96195C19CF61E100E5DF83 /* Base */,
			);
			name = LaunchScreen.xib;
			sourceTree = "<group>";
		};
/* End PBXVariantGroup section */

/* Begin XCBuildConfiguration section */
		EE96196A19CF61E100E5DF83 /* Debug */ = {
			isa = XCBuildConfiguration;
			buildSettings = {
				ALWAYS_SEARCH_USER_PATHS = NO;
				CLANG_CXX_LANGUAGE_STANDARD = "gnu++0x";
				CLANG_CXX_LIBRARY = "libc++";
				CLANG_ENABLE_MODULES = YES;
				CLANG_ENABLE_OBJC_ARC = YES;
				CLANG_WARN_BOOL_CONVERSION = YES;
				CLANG_WARN_CONSTANT_CONVERSION = YES;
				CLANG_WARN_DIRECT_OBJC_ISA_USAGE = YES_ERROR;
				CLANG_WARN_EMPTY_BODY = YES;
				CLANG_WARN_ENUM_CONVERSION = YES;
				CLANG_WARN_INT_CONVERSION = YES;
				CLANG_WARN_OBJC_ROOT_CLASS = YES_ERROR;
				CLANG_WARN_UNREACHABLE_CODE = YES;
				CLANG_WARN__DUPLICATE_METHOD_MATCH = YES;
				"CODE_SIGN_IDENTITY[sdk=iphoneos*]" = "iPhone Developer";
				COPY_PHASE_STRIP = NO;
				ENABLE_STRICT_OBJC_MSGSEND = YES;
				GCC_C_LANGUAGE_STANDARD = gnu99;
				GCC_DYNAMIC_NO_PIC = NO;
				GCC_OPTIMIZATION_LEVEL = 0;
				GCC_PREPROCESSOR_DEFINITIONS = (
					"DEBUG=1",
					"$(inherited)",
				);
				GCC_SYMBOLS_PRIVATE_EXTERN = NO;
				GCC_WARN_64_TO_32_BIT_CONVERSION = YES;
				GCC_WARN_ABOUT_RETURN_TYPE = YES_ERROR;
				GCC_WARN_UNDECLARED_SELECTOR = YES;
				GCC_WARN_UNINITIALIZED_AUTOS = YES_AGGRESSIVE;
				GCC_WARN_UNUSED_FUNCTION = YES;
				GCC_WARN_UNUSED_VARIABLE = YES;
				IPHONEOS_DEPLOYMENT_TARGET = 8.0;
				MTL_ENABLE_DEBUG_INFO = YES;
				ONLY_ACTIVE_ARCH = YES;
				SDKROOT = iphoneos;
			};
			name = Debug;
		};
		EE96196B19CF61E100E5DF83 /* Release */ = {
			isa = XCBuildConfiguration;
			buildSettings = {
				ALWAYS_SEARCH_USER_PATHS = NO;
				CLANG_CXX_LANGUAGE_STANDARD = "gnu++0x";
				CLANG_CXX_LIBRARY = "libc++";
				CLANG_ENABLE_MODULES = YES;
				CLANG_ENABLE_OBJC_ARC = YES;
				CLANG_WARN_BOOL_CONVERSION = YES;
				CLANG_WARN_CONSTANT_CONVERSION = YES;
				CLANG_WARN_DIRECT_OBJC_ISA_USAGE = YES_ERROR;
				CLANG_WARN_EMPTY_BODY = YES;
				CLANG_WARN_ENUM_CONVERSION = YES;
				CLANG_WARN_INT_CONVERSION = YES;
				CLANG_WARN_OBJC_ROOT_CLASS = YES_ERROR;
				CLANG_WARN_UNREACHABLE_CODE = YES;
				CLANG_WARN__DUPLICATE_METHOD_MATCH = YES;
				"CODE_SIGN_IDENTITY[sdk=iphoneos*]" = "iPhone Developer";
				COPY_PHASE_STRIP = YES;
				ENABLE_NS_ASSERTIONS = NO;
				ENABLE_STRICT_OBJC_MSGSEND = YES;
				GCC_C_LANGUAGE_STANDARD = gnu99;
				GCC_WARN_64_TO_32_BIT_CONVERSION = YES;
				GCC_WARN_ABOUT_RETURN_TYPE = YES_ERROR;
				GCC_WARN_UNDECLARED_SELECTOR = YES;
				GCC_WARN_UNINITIALIZED_AUTOS = YES_AGGRESSIVE;
				GCC_WARN_UNUSED_FUNCTION = YES;
				GCC_WARN_UNUSED_VARIABLE = YES;
				IPHONEOS_DEPLOYMENT_TARGET = 8.0;
				MTL_ENABLE_DEBUG_INFO = NO;
				SDKROOT = iphoneos;
				VALIDATE_PRODUCT = YES;
			};
			name = Release;
		};
		EE96196D19CF61E100E5DF83 /* Debug */ = {
			isa = XCBuildConfiguration;
			buildSettings = {
				ASSETCATALOG_COMPILER_APPICON_NAME = AppIcon;
				INFOPLIST_FILE = collectionViewProto/Info.plist;
				LD_RUNPATH_SEARCH_PATHS = "$(inherited) @executable_path/Frameworks";
				PRODUCT_NAME = "$(TARGET_NAME)";
			};
			name = Debug;
		};
		EE96196E19CF61E100E5DF83 /* Release */ = {
			isa = XCBuildConfiguration;
			buildSettings = {
				ASSETCATALOG_COMPILER_APPICON_NAME = AppIcon;
				INFOPLIST_FILE = collectionViewProto/Info.plist;
				LD_RUNPATH_SEARCH_PATHS = "$(inherited) @executable_path/Frameworks";
				PRODUCT_NAME = "$(TARGET_NAME)";
			};
			name = Release;
		};
		EE96197019CF61E100E5DF83 /* Debug */ = {
			isa = XCBuildConfiguration;
			buildSettings = {
				BUNDLE_LOADER = "$(TEST_HOST)";
				FRAMEWORK_SEARCH_PATHS = (
					"$(SDKROOT)/Developer/Library/Frameworks",
					"$(inherited)",
				);
				GCC_PREPROCESSOR_DEFINITIONS = (
					"DEBUG=1",
					"$(inherited)",
				);
				INFOPLIST_FILE = collectionViewProtoTests/Info.plist;
				LD_RUNPATH_SEARCH_PATHS = "$(inherited) @executable_path/Frameworks @loader_path/Frameworks";
				PRODUCT_NAME = "$(TARGET_NAME)";
				TEST_HOST = "$(BUILT_PRODUCTS_DIR)/collectionViewProto.app/collectionViewProto";
			};
			name = Debug;
		};
		EE96197119CF61E100E5DF83 /* Release */ = {
			isa = XCBuildConfiguration;
			buildSettings = {
				BUNDLE_LOADER = "$(TEST_HOST)";
				FRAMEWORK_SEARCH_PATHS = (
					"$(SDKROOT)/Developer/Library/Frameworks",
					"$(inherited)",
				);
				INFOPLIST_FILE = collectionViewProtoTests/Info.plist;
				LD_RUNPATH_SEARCH_PATHS = "$(inherited) @executable_path/Frameworks @loader_path/Frameworks";
				PRODUCT_NAME = "$(TARGET_NAME)";
				TEST_HOST = "$(BUILT_PRODUCTS_DIR)/collectionViewProto.app/collectionViewProto";
			};
			name = Release;
		};
/* End XCBuildConfiguration section */

/* Begin XCConfigurationList section */
		EE96194419CF61E100E5DF83 /* Build configuration list for PBXProject "collectionViewProto" */ = {
			isa = XCConfigurationList;
			buildConfigurations = (
				EE96196A19CF61E100E5DF83 /* Debug */,
				EE96196B19CF61E100E5DF83 /* Release */,
			);
			defaultConfigurationIsVisible = 0;
			defaultConfigurationName = Release;
		};
		EE96196C19CF61E100E5DF83 /* Build configuration list for PBXNativeTarget "collectionViewProto" */ = {
			isa = XCConfigurationList;
			buildConfigurations = (
				EE96196D19CF61E100E5DF83 /* Debug */,
				EE96196E19CF61E100E5DF83 /* Release */,
			);
			defaultConfigurationIsVisible = 0;
			defaultConfigurationName = Release;
		};
		EE96196F19CF61E100E5DF83 /* Build configuration list for PBXNativeTarget "collectionViewProtoTests" */ = {
			isa = XCConfigurationList;
			buildConfigurations = (
				EE96197019CF61E100E5DF83 /* Debug */,
				EE96197119CF61E100E5DF83 /* Release */,
			);
			defaultConfigurationIsVisible = 0;
			defaultConfigurationName = Release;
		};
/* End XCConfigurationList section */
	};
	rootObject = EE96194119CF61E100E5DF83 /* Project object */;
}
